// !$*UTF8*$!
{
	archiveVersion = 1;
	classes = {
	};
	objectVersion = 56;
	objects = {

/* Begin PBXBuildFile section */
		AB06264D2C4028B700FFD84F /* AppDelegate.swift in Sources */ = {isa = PBXBuildFile; fileRef = AB06264C2C4028B700FFD84F /* AppDelegate.swift */; };
		AB06264F2C4028B700FFD84F /* SceneDelegate.swift in Sources */ = {isa = PBXBuildFile; fileRef = AB06264E2C4028B700FFD84F /* SceneDelegate.swift */; };
		AB0626542C4028B700FFD84F /* Base in Resources */ = {isa = PBXBuildFile; fileRef = AB0626532C4028B700FFD84F /* Base */; };
		AB0626562C4028BA00FFD84F /* Assets.xcassets in Resources */ = {isa = PBXBuildFile; fileRef = AB0626552C4028BA00FFD84F /* Assets.xcassets */; };
		AB0626592C4028BA00FFD84F /* Base in Resources */ = {isa = PBXBuildFile; fileRef = AB0626582C4028BA00FFD84F /* Base */; };
		AB0626612C402BFC00FFD84F /* ShoppingListsTableTableViewController.swift in Sources */ = {isa = PBXBuildFile; fileRef = AB0626602C402BFC00FFD84F /* ShoppingListsTableTableViewController.swift */; };
		AB0626642C40300000FFD84F /* MyGroceryDataModel.xcdatamodeld in Sources */ = {isa = PBXBuildFile; fileRef = AB0626622C40300000FFD84F /* MyGroceryDataModel.xcdatamodeld */; };
/* End PBXBuildFile section */

/* Begin PBXFileReference section */
		AB0626492C4028B700FFD84F /* MyGrocery.app */ = {isa = PBXFileReference; explicitFileType = wrapper.application; includeInIndex = 0; path = MyGrocery.app; sourceTree = BUILT_PRODUCTS_DIR; };
		AB06264C2C4028B700FFD84F /* AppDelegate.swift */ = {isa = PBXFileReference; lastKnownFileType = sourcecode.swift; path = AppDelegate.swift; sourceTree = "<group>"; };
		AB06264E2C4028B700FFD84F /* SceneDelegate.swift */ = {isa = PBXFileReference; lastKnownFileType = sourcecode.swift; path = SceneDelegate.swift; sourceTree = "<group>"; };
		AB0626532C4028B700FFD84F /* Base */ = {isa = PBXFileReference; lastKnownFileType = file.storyboard; name = Base; path = Base.lproj/Main.storyboard; sourceTree = "<group>"; };
		AB0626552C4028BA00FFD84F /* Assets.xcassets */ = {isa = PBXFileReference; lastKnownFileType = folder.assetcatalog; path = Assets.xcassets; sourceTree = "<group>"; };
		AB0626582C4028BA00FFD84F /* Base */ = {isa = PBXFileReference; lastKnownFileType = file.storyboard; name = Base; path = Base.lproj/LaunchScreen.storyboard; sourceTree = "<group>"; };
		AB06265A2C4028BA00FFD84F /* Info.plist */ = {isa = PBXFileReference; lastKnownFileType = text.plist.xml; path = Info.plist; sourceTree = "<group>"; };
		AB0626602C402BFC00FFD84F /* ShoppingListsTableTableViewController.swift */ = {isa = PBXFileReference; lastKnownFileType = sourcecode.swift; path = ShoppingListsTableTableViewController.swift; sourceTree = "<group>"; };
		AB0626632C40300000FFD84F /* MyGroceryDataModel.xcdatamodel */ = {isa = PBXFileReference; lastKnownFileType = wrapper.xcdatamodel; path = MyGroceryDataModel.xcdatamodel; sourceTree = "<group>"; };
/* End PBXFileReference section */

/* Begin PBXFrameworksBuildPhase section */
		AB0626462C4028B700FFD84F /* Frameworks */ = {
			isa = PBXFrameworksBuildPhase;
			buildActionMask = 2147483647;
			files = (
			);
			runOnlyForDeploymentPostprocessing = 0;
		};
/* End PBXFrameworksBuildPhase section */

/* Begin PBXGroup section */
		AB0626402C4028B700FFD84F = {
			isa = PBXGroup;
			children = (
				AB06264B2C4028B700FFD84F /* MyGrocery */,
				AB06264A2C4028B700FFD84F /* Products */,
			);
			sourceTree = "<group>";
		};
		AB06264A2C4028B700FFD84F /* Products */ = {
			isa = PBXGroup;
			children = (
				AB0626492C4028B700FFD84F /* MyGrocery.app */,
			);
			name = Products;
			sourceTree = "<group>";
		};
		AB06264B2C4028B700FFD84F /* MyGrocery */ = {
			isa = PBXGroup;
			children = (
				AB06264C2C4028B700FFD84F /* AppDelegate.swift */,
				AB06264E2C4028B700FFD84F /* SceneDelegate.swift */,
				AB0626602C402BFC00FFD84F /* ShoppingListsTableTableViewController.swift */,
				AB0626522C4028B700FFD84F /* Main.storyboard */,
				AB0626552C4028BA00FFD84F /* Assets.xcassets */,
				AB0626572C4028BA00FFD84F /* LaunchScreen.storyboard */,
				AB06265A2C4028BA00FFD84F /* Info.plist */,
				AB0626622C40300000FFD84F /* MyGroceryDataModel.xcdatamodeld */,
			);
			path = MyGrocery;
			sourceTree = "<group>";
		};
/* End PBXGroup section */

/* Begin PBXNativeTarget section */
		AB0626482C4028B700FFD84F /* MyGrocery */ = {
			isa = PBXNativeTarget;
			buildConfigurationList = AB06265D2C4028BA00FFD84F /* Build configuration list for PBXNativeTarget "MyGrocery" */;
			buildPhases = (
				AB0626452C4028B700FFD84F /* Sources */,
				AB0626462C4028B700FFD84F /* Frameworks */,
				AB0626472C4028B700FFD84F /* Resources */,
			);
			buildRules = (
			);
			dependencies = (
			);
			name = MyGrocery;
			productName = MyGrocery;
			productReference = AB0626492C4028B700FFD84F /* MyGrocery.app */;
			productType = "com.apple.product-type.application";
		};
/* End PBXNativeTarget section */

/* Begin PBXProject section */
		AB0626412C4028B700FFD84F /* Project object */ = {
			isa = PBXProject;
			attributes = {
				BuildIndependentTargetsInParallel = 1;
				LastSwiftUpdateCheck = 1540;
				LastUpgradeCheck = 1540;
				TargetAttributes = {
					AB0626482C4028B700FFD84F = {
						CreatedOnToolsVersion = 15.4;
					};
				};
			};
			buildConfigurationList = AB0626442C4028B700FFD84F /* Build configuration list for PBXProject "MyGrocery" */;
			compatibilityVersion = "Xcode 14.0";
			developmentRegion = en;
			hasScannedForEncodings = 0;
			knownRegions = (
				en,
				Base,
			);
			mainGroup = AB0626402C4028B700FFD84F;
			productRefGroup = AB06264A2C4028B700FFD84F /* Products */;
			projectDirPath = "";
			projectRoot = "";
			targets = (
				AB0626482C4028B700FFD84F /* MyGrocery */,
			);
		};
/* End PBXProject section */

/* Begin PBXResourcesBuildPhase section */
		AB0626472C4028B700FFD84F /* Resources */ = {
			isa = PBXResourcesBuildPhase;
			buildActionMask = 2147483647;
			files = (
				AB0626562C4028BA00FFD84F /* Assets.xcassets in Resources */,
				AB0626592C4028BA00FFD84F /* Base in Resources */,
				AB0626542C4028B700FFD84F /* Base in Resources */,
			);
			runOnlyForDeploymentPostprocessing = 0;
		};
/* End PBXResourcesBuildPhase section */

/* Begin PBXSourcesBuildPhase section */
		AB0626452C4028B700FFD84F /* Sources */ = {
			isa = PBXSourcesBuildPhase;
			buildActionMask = 2147483647;
			files = (
				AB0626612C402BFC00FFD84F /* ShoppingListsTableTableViewController.swift in Sources */,
				AB06264D2C4028B700FFD84F /* AppDelegate.swift in Sources */,
				AB06264F2C4028B700FFD84F /* SceneDelegate.swift in Sources */,
				AB0626642C40300000FFD84F /* MyGroceryDataModel.xcdatamodeld in Sources */,
			);
			runOnlyForDeploymentPostprocessing = 0;
		};
/* End PBXSourcesBuildPhase section */

/* Begin PBXVariantGroup section */
		AB0626522C4028B700FFD84F /* Main.storyboard */ = {
			isa = PBXVariantGroup;
			children = (
				AB0626532C4028B700FFD84F /* Base */,
			);
			name = Main.storyboard;
			sourceTree = "<group>";
		};
		AB0626572C4028BA00FFD84F /* LaunchScreen.storyboard */ = {
			isa = PBXVariantGroup;
			children = (
				AB0626582C4028BA00FFD84F /* Base */,
			);
			name = LaunchScreen.storyboard;
			sourceTree = "<group>";
		};
/* End PBXVariantGroup section */

/* Begin XCBuildConfiguration section */
		AB06265B2C4028BA00FFD84F /* Debug */ = {
			isa = XCBuildConfiguration;
			buildSettings = {
				ALWAYS_SEARCH_USER_PATHS = NO;
				ASSETCATALOG_COMPILER_GENERATE_SWIFT_ASSET_SYMBOL_EXTENSIONS = YES;
				CLANG_ANALYZER_NONNULL = YES;
				CLANG_ANALYZER_NUMBER_OBJECT_CONVERSION = YES_AGGRESSIVE;
				CLANG_CXX_LANGUAGE_STANDARD = "gnu++20";
				CLANG_ENABLE_MODULES = YES;
				CLANG_ENABLE_OBJC_ARC = YES;
				CLANG_ENABLE_OBJC_WEAK = YES;
				CLANG_WARN_BLOCK_CAPTURE_AUTORELEASING = YES;
				CLANG_WARN_BOOL_CONVERSION = YES;
				CLANG_WARN_COMMA = YES;
				CLANG_WARN_CONSTANT_CONVERSION = YES;
				CLANG_WARN_DEPRECATED_OBJC_IMPLEMENTATIONS = YES;
				CLANG_WARN_DIRECT_OBJC_ISA_USAGE = YES_ERROR;
				CLANG_WARN_DOCUMENTATION_COMMENTS = YES;
				CLANG_WARN_EMPTY_BODY = YES;
				CLANG_WARN_ENUM_CONVERSION = YES;
				CLANG_WARN_INFINITE_RECURSION = YES;
				CLANG_WARN_INT_CONVERSION = YES;
				CLANG_WARN_NON_LITERAL_NULL_CONVERSION = YES;
				CLANG_WARN_OBJC_IMPLICIT_RETAIN_SELF = YES;
				CLANG_WARN_OBJC_LITERAL_CONVERSION = YES;
				CLANG_WARN_OBJC_ROOT_CLASS = YES_ERROR;
				CLANG_WARN_QUOTED_INCLUDE_IN_FRAMEWORK_HEADER = YES;
				CLANG_WARN_RANGE_LOOP_ANALYSIS = YES;
				CLANG_WARN_STRICT_PROTOTYPES = YES;
				CLANG_WARN_SUSPICIOUS_MOVE = YES;
				CLANG_WARN_UNGUARDED_AVAILABILITY = YES_AGGRESSIVE;
				CLANG_WARN_UNREACHABLE_CODE = YES;
				CLANG_WARN__DUPLICATE_METHOD_MATCH = YES;
				COPY_PHASE_STRIP = NO;
				DEBUG_INFORMATION_FORMAT = dwarf;
				ENABLE_STRICT_OBJC_MSGSEND = YES;
				ENABLE_TESTABILITY = YES;
				ENABLE_USER_SCRIPT_SANDBOXING = YES;
				GCC_C_LANGUAGE_STANDARD = gnu17;
				GCC_DYNAMIC_NO_PIC = NO;
				GCC_NO_COMMON_BLOCKS = YES;
				GCC_OPTIMIZATION_LEVEL = 0;
				GCC_PREPROCESSOR_DEFINITIONS = (
					"DEBUG=1",
					"$(inherited)",
				);
				GCC_WARN_64_TO_32_BIT_CONVERSION = YES;
				GCC_WARN_ABOUT_RETURN_TYPE = YES_ERROR;
				GCC_WARN_UNDECLARED_SELECTOR = YES;
				GCC_WARN_UNINITIALIZED_AUTOS = YES_AGGRESSIVE;
				GCC_WARN_UNUSED_FUNCTION = YES;
				GCC_WARN_UNUSED_VARIABLE = YES;
				IPHONEOS_DEPLOYMENT_TARGET = 17.5;
				LOCALIZATION_PREFERS_STRING_CATALOGS = YES;
				MTL_ENABLE_DEBUG_INFO = INCLUDE_SOURCE;
				MTL_FAST_MATH = YES;
				ONLY_ACTIVE_ARCH = YES;
				SDKROOT = iphoneos;
				SWIFT_ACTIVE_COMPILATION_CONDITIONS = "DEBUG $(inherited)";
				SWIFT_OPTIMIZATION_LEVEL = "-Onone";
			};
			name = Debug;
		};
		AB06265C2C4028BA00FFD84F /* Release */ = {
			isa = XCBuildConfiguration;
			buildSettings = {
				ALWAYS_SEARCH_USER_PATHS = NO;
				ASSETCATALOG_COMPILER_GENERATE_SWIFT_ASSET_SYMBOL_EXTENSIONS = YES;
				CLANG_ANALYZER_NONNULL = YES;
				CLANG_ANALYZER_NUMBER_OBJECT_CONVERSION = YES_AGGRESSIVE;
				CLANG_CXX_LANGUAGE_STANDARD = "gnu++20";
				CLANG_ENABLE_MODULES = YES;
				CLANG_ENABLE_OBJC_ARC = YES;
				CLANG_ENABLE_OBJC_WEAK = YES;
				CLANG_WARN_BLOCK_CAPTURE_AUTORELEASING = YES;
				CLANG_WARN_BOOL_CONVERSION = YES;
				CLANG_WARN_COMMA = YES;
				CLANG_WARN_CONSTANT_CONVERSION = YES;
				CLANG_WARN_DEPRECATED_OBJC_IMPLEMENTATIONS = YES;
				CLANG_WARN_DIRECT_OBJC_ISA_USAGE = YES_ERROR;
				CLANG_WARN_DOCUMENTATION_COMMENTS = YES;
				CLANG_WARN_EMPTY_BODY = YES;
				CLANG_WARN_ENUM_CONVERSION = YES;
				CLANG_WARN_INFINITE_RECURSION = YES;
				CLANG_WARN_INT_CONVERSION = YES;
				CLANG_WARN_NON_LITERAL_NULL_CONVERSION = YES;
				CLANG_WARN_OBJC_IMPLICIT_RETAIN_SELF = YES;
				CLANG_WARN_OBJC_LITERAL_CONVERSION = YES;
				CLANG_WARN_OBJC_ROOT_CLASS = YES_ERROR;
				CLANG_WARN_QUOTED_INCLUDE_IN_FRAMEWORK_HEADER = YES;
				CLANG_WARN_RANGE_LOOP_ANALYSIS = YES;
				CLANG_WARN_STRICT_PROTOTYPES = YES;
				CLANG_WARN_SUSPICIOUS_MOVE = YES;
				CLANG_WARN_UNGUARDED_AVAILABILITY = YES_AGGRESSIVE;
				CLANG_WARN_UNREACHABLE_CODE = YES;
				CLANG_WARN__DUPLICATE_METHOD_MATCH = YES;
				COPY_PHASE_STRIP = NO;
				DEBUG_INFORMATION_FORMAT = "dwarf-with-dsym";
				ENABLE_NS_ASSERTIONS = NO;
				ENABLE_STRICT_OBJC_MSGSEND = YES;
				ENABLE_USER_SCRIPT_SANDBOXING = YES;
				GCC_C_LANGUAGE_STANDARD = gnu17;
				GCC_NO_COMMON_BLOCKS = YES;
				GCC_WARN_64_TO_32_BIT_CONVERSION = YES;
				GCC_WARN_ABOUT_RETURN_TYPE = YES_ERROR;
				GCC_WARN_UNDECLARED_SELECTOR = YES;
				GCC_WARN_UNINITIALIZED_AUTOS = YES_AGGRESSIVE;
				GCC_WARN_UNUSED_FUNCTION = YES;
				GCC_WARN_UNUSED_VARIABLE = YES;
				IPHONEOS_DEPLOYMENT_TARGET = 17.5;
				LOCALIZATION_PREFERS_STRING_CATALOGS = YES;
				MTL_ENABLE_DEBUG_INFO = NO;
				MTL_FAST_MATH = YES;
				SDKROOT = iphoneos;
				SWIFT_COMPILATION_MODE = wholemodule;
				VALIDATE_PRODUCT = YES;
			};
			name = Release;
		};
		AB06265E2C4028BA00FFD84F /* Debug */ = {
			isa = XCBuildConfiguration;
			buildSettings = {
				ASSETCATALOG_COMPILER_APPICON_NAME = AppIcon;
				ASSETCATALOG_COMPILER_GLOBAL_ACCENT_COLOR_NAME = AccentColor;
				CODE_SIGN_STYLE = Automatic;
				CURRENT_PROJECT_VERSION = 1;
				DEVELOPMENT_TEAM = 5B8K6663CP;
				GENERATE_INFOPLIST_FILE = YES;
				INFOPLIST_FILE = MyGrocery/Info.plist;
				INFOPLIST_KEY_UIApplicationSupportsIndirectInputEvents = YES;
				INFOPLIST_KEY_UILaunchStoryboardName = LaunchScreen;
				INFOPLIST_KEY_UIMainStoryboardFile = Main;
				INFOPLIST_KEY_UISupportedInterfaceOrientations_iPad = "UIInterfaceOrientationPortrait UIInterfaceOrientationPortraitUpsideDown UIInterfaceOrientationLandscapeLeft UIInterfaceOrientationLandscapeRight";
				INFOPLIST_KEY_UISupportedInterfaceOrientations_iPhone = "UIInterfaceOrientationPortrait UIInterfaceOrientationLandscapeLeft UIInterfaceOrientationLandscapeRight";
				LD_RUNPATH_SEARCH_PATHS = (
					"$(inherited)",
					"@executable_path/Frameworks",
				);
				MARKETING_VERSION = 1.0;
				PRODUCT_BUNDLE_IDENTIFIER = "demo.ivanov-mi.MyGrocery";
				PRODUCT_NAME = "$(TARGET_NAME)";
				SWIFT_EMIT_LOC_STRINGS = YES;
				SWIFT_VERSION = 5.0;
				TARGETED_DEVICE_FAMILY = "1,2";
			};
			name = Debug;
		};
		AB06265F2C4028BA00FFD84F /* Release */ = {
			isa = XCBuildConfiguration;
			buildSettings = {
				ASSETCATALOG_COMPILER_APPICON_NAME = AppIcon;
				ASSETCATALOG_COMPILER_GLOBAL_ACCENT_COLOR_NAME = AccentColor;
				CODE_SIGN_STYLE = Automatic;
				CURRENT_PROJECT_VERSION = 1;
				DEVELOPMENT_TEAM = 5B8K6663CP;
				GENERATE_INFOPLIST_FILE = YES;
				INFOPLIST_FILE = MyGrocery/Info.plist;
				INFOPLIST_KEY_UIApplicationSupportsIndirectInputEvents = YES;
				INFOPLIST_KEY_UILaunchStoryboardName = LaunchScreen;
				INFOPLIST_KEY_UIMainStoryboardFile = Main;
				INFOPLIST_KEY_UISupportedInterfaceOrientations_iPad = "UIInterfaceOrientationPortrait UIInterfaceOrientationPortraitUpsideDown UIInterfaceOrientationLandscapeLeft UIInterfaceOrientationLandscapeRight";
				INFOPLIST_KEY_UISupportedInterfaceOrientations_iPhone = "UIInterfaceOrientationPortrait UIInterfaceOrientationLandscapeLeft UIInterfaceOrientationLandscapeRight";
				LD_RUNPATH_SEARCH_PATHS = (
					"$(inherited)",
					"@executable_path/Frameworks",
				);
				MARKETING_VERSION = 1.0;
				PRODUCT_BUNDLE_IDENTIFIER = "demo.ivanov-mi.MyGrocery";
				PRODUCT_NAME = "$(TARGET_NAME)";
				SWIFT_EMIT_LOC_STRINGS = YES;
				SWIFT_VERSION = 5.0;
				TARGETED_DEVICE_FAMILY = "1,2";
			};
			name = Release;
		};
/* End XCBuildConfiguration section */

/* Begin XCConfigurationList section */
		AB0626442C4028B700FFD84F /* Build configuration list for PBXProject "MyGrocery" */ = {
			isa = XCConfigurationList;
			buildConfigurations = (
				AB06265B2C4028BA00FFD84F /* Debug */,
				AB06265C2C4028BA00FFD84F /* Release */,
			);
			defaultConfigurationIsVisible = 0;
			defaultConfigurationName = Release;
		};
		AB06265D2C4028BA00FFD84F /* Build configuration list for PBXNativeTarget "MyGrocery" */ = {
			isa = XCConfigurationList;
			buildConfigurations = (
				AB06265E2C4028BA00FFD84F /* Debug */,
				AB06265F2C4028BA00FFD84F /* Release */,
			);
			defaultConfigurationIsVisible = 0;
			defaultConfigurationName = Release;
		};
/* End XCConfigurationList section */

/* Begin XCVersionGroup section */
		AB0626622C40300000FFD84F /* MyGroceryDataModel.xcdatamodeld */ = {
			isa = XCVersionGroup;
			children = (
				AB0626632C40300000FFD84F /* MyGroceryDataModel.xcdatamodel */,
			);
			currentVersion = AB0626632C40300000FFD84F /* MyGroceryDataModel.xcdatamodel */;
			name = MyGroceryDataModel.xcdatamodeld;
			path = /Users/martin.ivanov/Documents/Developer/CompleteGuideToLeanControllers/MyGrocery/MyGrocery/MyGroceryDataModel.xcdatamodeld;
			sourceTree = "<group>";
			versionGroupType = wrapper.xcdatamodel;
		};
/* End XCVersionGroup section */
	};
	rootObject = AB0626412C4028B700FFD84F /* Project object */;
}
